dependencies:
  espressif/cmake_utilities:
    component_hash: 351350613ceafba240b761b4ea991e0f231ac7a9f59a9ee901f751bddc0bb18f
    dependencies:
    - name: idf
      require: private
      version: '>=4.1'
    source:
      registry_url: https://components.espressif.com
      type: service
    version: 0.5.3
  espressif/i2c_bus:
    component_hash: e3dddc78baa172f4768f3973fbecbd6c6c1f2cb23cc6a36cf3132758be092482
    dependencies:
    - name: espressif/cmake_utilities
      registry_url: https://components.espressif.com
      require: private
      version: 0.*
    - name: idf
      require: private
      version: '>=4.0'
    source:
      registry_url: https://components.espressif.com
      type: service
    version: 1.4.0
  idf:
    source:
      type: idf
    version: 5.5.0
  waveshare/esp_lcd_jd9365_10_1:
    component_hash: 148d03ade699a7fa0f08c98e86c1df3d32e92580fac421c04e0ee5b779e86267
    dependencies:
    - name: espressif/cmake_utilities
      registry_url: https://components.espressif.com
      require: private
      version: 0.*
    - name: espressif/i2c_bus
      registry_url: https://components.espressif.com
      require: private
      version: ^1.3.0
    - name: idf
      require: private
      version: '>=5.3'
    source:
      registry_url: https://components.espressif.com/
      type: service
    targets:
    - esp32p4
    version: 1.0.3
direct_dependencies:
- idf
- waveshare/esp_lcd_jd9365_10_1
manifest_hash: c54e89e802359b17325c912cbbda688067449d2ff6ea6838fa4def3a12f007e4
target: esp32p4
version: 2.0.0
